
Microsoft Visual Studio Solution File, Format Version 12.00
# Visual Studio Version 16
VisualStudioVersion = 16.0.31313.79
MinimumVisualStudioVersion = 10.0.40219.1
Project("{FAE04EC0-301F-11D3-BF4B-00C04F79EFBC}") = "ProjekatBaze", "ProjekatBaze\ProjekatBaze.csproj", "{F6C28E97-961B-43C5-B0EE-6A4E0BDDB253}"
EndProject
Project("{FAE04EC0-301F-11D3-BF4B-00C04F79EFBC}") = "TeretanaWPF", "TeretanaWPF\TeretanaWPF.csproj", "{331A35AA-1AC2-4262-BE66-B43C5D1FD53A}"
EndProject
Global
	GlobalSection(SolutionConfigurationPlatforms) = preSolution
		Debug|Any CPU = Debug|Any CPU
		Release|Any CPU = Release|Any CPU
	EndGlobalSection
	GlobalSection(ProjectConfigurationPlatforms) = postSolution
		{F6C28E97-961B-43C5-B0EE-6A4E0BDDB253}.Debug|Any CPU.ActiveCfg = Debug|Any CPU
		{F6C28E97-961B-43C5-B0EE-6A4E0BDDB253}.Debug|Any CPU.Build.0 = Debug|Any CPU
		{F6C28E97-961B-43C5-B0EE-6A4E0BDDB253}.Release|Any CPU.ActiveCfg = Release|Any CPU
		{F6C28E97-961B-43C5-B0EE-6A4E0BDDB253}.Release|Any CPU.Build.0 = Release|Any CPU
		{331A35AA-1AC2-4262-BE66-B43C5D1FD53A}.Debug|Any CPU.ActiveCfg = Debug|Any CPU
		{331A35AA-1AC2-4262-BE66-B43C5D1FD53A}.Debug|Any CPU.Build.0 = Debug|Any CPU
		{331A35AA-1AC2-4262-BE66-B43C5D1FD53A}.Release|Any CPU.ActiveCfg = Release|Any CPU
		{331A35AA-1AC2-4262-BE66-B43C5D1FD53A}.Release|Any CPU.Build.0 = Release|Any CPU
	EndGlobalSection
	GlobalSection(SolutionProperties) = preSolution
		HideSolutionNode = FALSE
	EndGlobalSection
	GlobalSection(ExtensibilityGlobals) = postSolution
		SolutionGuid = {0E674812-CFE9-4CB6-928A-FABC68946A85}
	EndGlobalSection
EndGlobal
